
Microsoft Visual Studio Solution File, Format Version 12.00
# Visual Studio Version 17
VisualStudioVersion = 17.3.32922.545
MinimumVisualStudioVersion = 10.0.40219.1
Project("{9A19103F-16F7-4668-BE54-9A1E7A4F7556}") = "EmployeePayrollProblem", "EmployeePayrollProblem.csproj", "{4AAAB339-FE8B-402D-B440-04158C76D4A2}"
EndProject
Project("{FAE04EC0-301F-11D3-BF4B-00C04F79EFBC}") = "EmployeePayrollServiceTestCase", "..\EmployeePayrollServiceTestCase\EmployeePayrollServiceTestCase.csproj", "{AA3AB79B-8B40-4F90-BFDA-3527BA4D7807}"
EndProject
Global
	GlobalSection(SolutionConfigurationPlatforms) = preSolution
		Debug|Any CPU = Debug|Any CPU
		Release|Any CPU = Release|Any CPU
	EndGlobalSection
	GlobalSection(ProjectConfigurationPlatforms) = postSolution
		{4AAAB339-FE8B-402D-B440-04158C76D4A2}.Debug|Any CPU.ActiveCfg = Debug|Any CPU
		{4AAAB339-FE8B-402D-B440-04158C76D4A2}.Debug|Any CPU.Build.0 = Debug|Any CPU
		{4AAAB339-FE8B-402D-B440-04158C76D4A2}.Release|Any CPU.ActiveCfg = Release|Any CPU
		{4AAAB339-FE8B-402D-B440-04158C76D4A2}.Release|Any CPU.Build.0 = Release|Any CPU
		{AA3AB79B-8B40-4F90-BFDA-3527BA4D7807}.Debug|Any CPU.ActiveCfg = Debug|Any CPU
		{AA3AB79B-8B40-4F90-BFDA-3527BA4D7807}.Debug|Any CPU.Build.0 = Debug|Any CPU
		{AA3AB79B-8B40-4F90-BFDA-3527BA4D7807}.Release|Any CPU.ActiveCfg = Release|Any CPU
		{AA3AB79B-8B40-4F90-BFDA-3527BA4D7807}.Release|Any CPU.Build.0 = Release|Any CPU
	EndGlobalSection
	GlobalSection(SolutionProperties) = preSolution
		HideSolutionNode = FALSE
	EndGlobalSection
	GlobalSection(ExtensibilityGlobals) = postSolution
		SolutionGuid = {BED7272C-A4AC-45E3-B849-0B9ACFEB34AE}
	EndGlobalSection
EndGlobal
